
Microsoft Visual Studio Solution File, Format Version 12.00
# Visual Studio 15
VisualStudioVersion = 15.0.28307.705
MinimumVisualStudioVersion = 10.0.40219.1
Project("{2150E333-8FDC-42A3-9474-1A3956D46DE8}") = "0.Config", "0.Config", "{DC72EFEC-4E04-4728-9F9F-67F4445A8F14}"
	ProjectSection(SolutionItems) = preProject
		0.Config\Common.config = 0.Config\Common.config
	EndProjectSection
EndProject
Project("{2150E333-8FDC-42A3-9474-1A3956D46DE8}") = "1.Com", "1.Com", "{1985C0A9-EDAF-4BFC-AA6C-E81E88B6F09C}"
EndProject
Project("{2150E333-8FDC-42A3-9474-1A3956D46DE8}") = "2.Web", "2.Web", "{3269BABF-ED37-4A08-947E-77ED677FBE93}"
EndProject
Project("{2150E333-8FDC-42A3-9474-1A3956D46DE8}") = "9.Library", "9.Library", "{08C7F378-E9AC-4CA2-9965-B97838EC3CD4}"
	ProjectSection(SolutionItems) = preProject
		9.Library\EntityFramework.dll = 9.Library\EntityFramework.dll
		9.Library\libicudecnumber.dll = 9.Library\libicudecnumber.dll
		9.Library\rscp4n.dll = 9.Library\rscp4n.dll
		9.Library\sapnco.dll = 9.Library\sapnco.dll
		9.Library\sapnco_utils.dll = 9.Library\sapnco_utils.dll
		9.Library\Telerik.Web.UI.dll = 9.Library\Telerik.Web.UI.dll
		9.Library\Telerik.Web.UI.Skins.dll = 9.Library\Telerik.Web.UI.Skins.dll
		9.Library\Telerik.Web.UI.xml = 9.Library\Telerik.Web.UI.xml
	EndProjectSection
EndProject
Project("{2150E333-8FDC-42A3-9474-1A3956D46DE8}") = "1.Framework", "1.Framework", "{73F1CCD4-D9BB-4103-8B7C-6C198C2019D1}"
EndProject
Project("{FAE04EC0-301F-11D3-BF4B-00C04F79EFBC}") = "DNSoft.eWF.FrameWork.Web", "1.Com\1.Framework\DNSoft.eWF.FrameWork.Web\DNSoft.eWF.FrameWork.Web.csproj", "{1B0B5CDA-A089-4B14-A04B-58DD78206C59}"
EndProject
Project("{FAE04EC0-301F-11D3-BF4B-00C04F79EFBC}") = "DNSoft.eWF.FrameWork.Data.EF", "1.Com\1.Framework\DNSoft.eWF.FrameWork.Data.EF\DNSoft.eWF.FrameWork.Data.EF.csproj", "{E56E6885-C79E-4FE3-8612-944336CBFBC6}"
EndProject
Project("{2150E333-8FDC-42A3-9474-1A3956D46DE8}") = "2.BusinessLayer", "2.BusinessLayer", "{05BAF1D0-5B2A-4507-A6E1-DCDAC02F3FDF}"
EndProject
Project("{FAE04EC0-301F-11D3-BF4B-00C04F79EFBC}") = "Bayer.eWF.BSL.Common", "1.Com\2.BusinessLayer\Bayer.eWF.BSL.Common\Bayer.eWF.BSL.Common.csproj", "{0466A146-3B54-46FE-BC6A-6711F7781D81}"
EndProject
Project("{FAE04EC0-301F-11D3-BF4B-00C04F79EFBC}") = "Bayer.eWF.BSL.Configuration", "1.Com\2.BusinessLayer\Bayer.eWF.BSL.Configuration\Bayer.eWF.BSL.Configuration.csproj", "{7EC45B80-6381-422C-B95D-322FE1198470}"
EndProject
Project("{FAE04EC0-301F-11D3-BF4B-00C04F79EFBC}") = "Bayer.eWF.BSL.Approval", "1.Com\2.BusinessLayer\Bayer.eWF.BSL.Approval\Bayer.eWF.BSL.Approval.csproj", "{2475400F-3DA6-4D93-802F-E14EF3376DA2}"
EndProject
Project("{FAE04EC0-301F-11D3-BF4B-00C04F79EFBC}") = "DNSoft.eW.FrameWork", "1.Com\1.Framework\DNSoft.eW.FrameWork\DNSoft.eW.FrameWork.csproj", "{84523BEA-772B-4EE0-A238-E1DBF682ADE4}"
EndProject
Project("{FAE04EC0-301F-11D3-BF4B-00C04F79EFBC}") = "DNSoft.eW.FrameWork.Common", "1.Com\1.Framework\DNSoft.eW.FrameWork.Common\DNSoft.eW.FrameWork.Common.csproj", "{6CD14E96-8EF2-4A62-8012-924604FBC535}"
EndProject
Project("{2150E333-8FDC-42A3-9474-1A3956D46DE8}") = "3.Wcf", "3.Wcf", "{1A08F4B4-0EBB-4776-944E-B3C97767A26B}"
EndProject
Project("{2150E333-8FDC-42A3-9474-1A3956D46DE8}") = "4.WinServices", "4.WinServices", "{B2D2D6C1-525E-41B8-8462-E2154BF08049}"
EndProject
Project("{E24C65DC-7377-472B-9ABA-BC803B73C61A}") = "eWorks-Site/eWorks", "http://localhost:56680/eWorks", "{AB4781A3-A4E7-475F-B563-28F2752991E5}"
	ProjectSection(WebsiteProperties) = preProject
		SccProjectName = "SAK"
		SccAuxPath = "SAK"
		SccLocalPath = "SAK"
		SccProvider = "SAK"
		UseIISExpress = "true"
		TargetFrameworkMoniker = ".NETFramework,Version%3Dv4.5"
		ProjectReferences = "{e56e6885-c79e-4fe3-8612-944336cbfbc6}|DNSoft.eWF.FrameWork.Data.EF.dll;{84523BEA-772B-4EE0-A238-E1DBF682ADE4}|DNSoft.eW.FrameWork.dll;{1b0b5cda-a089-4b14-a04b-58dd78206c59}|DNSoft.eWF.FrameWork.Web.dll;{6CD14E96-8EF2-4A62-8012-924604FBC535}|DNSoft.eW.FrameWork.Common.dll;{2475400f-3da6-4d93-802f-e14ef3376da2}|Bayer.eWF.BSL.Approval.dll;{0466a146-3b54-46fe-bc6a-6711f7781d81}|Bayer.eWF.BSL.Common.dll;{7ec45b80-6381-422c-b95d-322fe1198470}|Bayer.eWF.BSL.Configuration.dll;{394d2fd4-5d67-45f1-8650-5927698aedc0}|DNSoft.eWF.FrameWork.Web.WebBase.dll;{b145b47a-0ab3-4f5c-b22d-532eb81643c6}|Bayer.eWF.BSL.Reporting.dll;"
		Debug.AspNetCompiler.VirtualPath = "/localhost_56680"
		Debug.AspNetCompiler.PhysicalPath = "2.Web\eWorkflow\"
		Debug.AspNetCompiler.TargetPath = "PrecompiledWeb\localhost_56680\"
		Debug.AspNetCompiler.Updateable = "true"
		Debug.AspNetCompiler.ForceOverwrite = "true"
		Debug.AspNetCompiler.FixedNames = "false"
		Debug.AspNetCompiler.Debug = "True"
		Release.AspNetCompiler.VirtualPath = "/localhost_56680"
		Release.AspNetCompiler.PhysicalPath = "2.Web\eWorkflow\"
		Release.AspNetCompiler.TargetPath = "PrecompiledWeb\localhost_56680\"
		Release.AspNetCompiler.Updateable = "true"
		Release.AspNetCompiler.ForceOverwrite = "true"
		Release.AspNetCompiler.FixedNames = "false"
		Release.AspNetCompiler.Debug = "False"
		SlnRelativePath = "2.Web\eWorkflow\"
	EndProjectSection
	ProjectSection(ProjectDependencies) = postProject
		{A1A702CF-1447-4358-9FFD-CA43B99BFD9C} = {A1A702CF-1447-4358-9FFD-CA43B99BFD9C}
	EndProjectSection
EndProject
Project("{FAE04EC0-301F-11D3-BF4B-00C04F79EFBC}") = "DNSoft.eWF.FrameWork.Web.WebBase", "2.Web\WebBase\WebBase\DNSoft.eWF.FrameWork.Web.WebBase.csproj", "{394D2FD4-5D67-45F1-8650-5927698AEDC0}"
	ProjectSection(ProjectDependencies) = postProject
		{A1A702CF-1447-4358-9FFD-CA43B99BFD9C} = {A1A702CF-1447-4358-9FFD-CA43B99BFD9C}
	EndProjectSection
EndProject
Project("{FAE04EC0-301F-11D3-BF4B-00C04F79EFBC}") = "Bayer.WCF.Service", "3.Wcf\Bayer.WCF.Service\Bayer.WCF.Service.csproj", "{00CDC903-0ABC-4DB9-AA68-C02EF96C48EF}"
EndProject
Project("{FAE04EC0-301F-11D3-BF4B-00C04F79EFBC}") = "Bayer.Wcf.Site", "3.Wcf\Bayer.WCF.Site\Bayer.Wcf.Site\Bayer.Wcf.Site.csproj", "{A1A702CF-1447-4358-9FFD-CA43B99BFD9C}"
EndProject
Project("{FAE04EC0-301F-11D3-BF4B-00C04F79EFBC}") = "Bayer.eWF.BSL.Reporting", "1.Com\2.BusinessLayer\Bayer.eWF.BSL.Reporting\Bayer.eWF.BSL.Reporting.csproj", "{B145B47A-0AB3-4F5C-B22D-532EB81643C6}"
EndProject
Project("{2150E333-8FDC-42A3-9474-1A3956D46DE8}") = "5.WinExe", "5.WinExe", "{49EF9B39-4AB0-4F9E-A869-EFA2D3DF1ACA}"
EndProject
Project("{FAE04EC0-301F-11D3-BF4B-00C04F79EFBC}") = "Bayer.WinExe.Sap.Master", "5.WinExe\Bayer.WinExe.Sap.Master\Bayer.WinExe.Sap.Master.csproj", "{16AB14AD-F38F-4371-94D0-3BD3ACA6CC9E}"
EndProject
Project("{FAE04EC0-301F-11D3-BF4B-00C04F79EFBC}") = "Bayer.WinSvc.SendNoticeMail", "4.WinServices\Bayer.WinSvc.PushNoticeMail\Bayer.WinSvc.SendNoticeMail.csproj", "{B1F5C3DB-021F-4A00-954B-9831F9D6D308}"
EndProject
Global
	GlobalSection(SolutionConfigurationPlatforms) = preSolution
		Debug|Any CPU = Debug|Any CPU
		Release|Any CPU = Release|Any CPU
	EndGlobalSection
	GlobalSection(ProjectConfigurationPlatforms) = postSolution
		{1B0B5CDA-A089-4B14-A04B-58DD78206C59}.Debug|Any CPU.ActiveCfg = Debug|Any CPU
		{1B0B5CDA-A089-4B14-A04B-58DD78206C59}.Debug|Any CPU.Build.0 = Debug|Any CPU
		{1B0B5CDA-A089-4B14-A04B-58DD78206C59}.Release|Any CPU.ActiveCfg = Release|Any CPU
		{1B0B5CDA-A089-4B14-A04B-58DD78206C59}.Release|Any CPU.Build.0 = Release|Any CPU
		{E56E6885-C79E-4FE3-8612-944336CBFBC6}.Debug|Any CPU.ActiveCfg = Debug|Any CPU
		{E56E6885-C79E-4FE3-8612-944336CBFBC6}.Debug|Any CPU.Build.0 = Debug|Any CPU
		{E56E6885-C79E-4FE3-8612-944336CBFBC6}.Release|Any CPU.ActiveCfg = Release|Any CPU
		{E56E6885-C79E-4FE3-8612-944336CBFBC6}.Release|Any CPU.Build.0 = Release|Any CPU
		{0466A146-3B54-46FE-BC6A-6711F7781D81}.Debug|Any CPU.ActiveCfg = Debug|Any CPU
		{0466A146-3B54-46FE-BC6A-6711F7781D81}.Debug|Any CPU.Build.0 = Debug|Any CPU
		{0466A146-3B54-46FE-BC6A-6711F7781D81}.Release|Any CPU.ActiveCfg = Release|Any CPU
		{0466A146-3B54-46FE-BC6A-6711F7781D81}.Release|Any CPU.Build.0 = Release|Any CPU
		{7EC45B80-6381-422C-B95D-322FE1198470}.Debug|Any CPU.ActiveCfg = Debug|Any CPU
		{7EC45B80-6381-422C-B95D-322FE1198470}.Debug|Any CPU.Build.0 = Debug|Any CPU
		{7EC45B80-6381-422C-B95D-322FE1198470}.Release|Any CPU.ActiveCfg = Release|Any CPU
		{7EC45B80-6381-422C-B95D-322FE1198470}.Release|Any CPU.Build.0 = Release|Any CPU
		{2475400F-3DA6-4D93-802F-E14EF3376DA2}.Debug|Any CPU.ActiveCfg = Debug|Any CPU
		{2475400F-3DA6-4D93-802F-E14EF3376DA2}.Debug|Any CPU.Build.0 = Debug|Any CPU
		{2475400F-3DA6-4D93-802F-E14EF3376DA2}.Release|Any CPU.ActiveCfg = Release|Any CPU
		{2475400F-3DA6-4D93-802F-E14EF3376DA2}.Release|Any CPU.Build.0 = Release|Any CPU
		{84523BEA-772B-4EE0-A238-E1DBF682ADE4}.Debug|Any CPU.ActiveCfg = Debug|Any CPU
		{84523BEA-772B-4EE0-A238-E1DBF682ADE4}.Debug|Any CPU.Build.0 = Debug|Any CPU
		{84523BEA-772B-4EE0-A238-E1DBF682ADE4}.Release|Any CPU.ActiveCfg = Release|Any CPU
		{84523BEA-772B-4EE0-A238-E1DBF682ADE4}.Release|Any CPU.Build.0 = Release|Any CPU
		{6CD14E96-8EF2-4A62-8012-924604FBC535}.Debug|Any CPU.ActiveCfg = Debug|Any CPU
		{6CD14E96-8EF2-4A62-8012-924604FBC535}.Debug|Any CPU.Build.0 = Debug|Any CPU
		{6CD14E96-8EF2-4A62-8012-924604FBC535}.Release|Any CPU.ActiveCfg = Release|Any CPU
		{6CD14E96-8EF2-4A62-8012-924604FBC535}.Release|Any CPU.Build.0 = Release|Any CPU
		{AB4781A3-A4E7-475F-B563-28F2752991E5}.Debug|Any CPU.ActiveCfg = Debug|Any CPU
		{AB4781A3-A4E7-475F-B563-28F2752991E5}.Debug|Any CPU.Build.0 = Debug|Any CPU
		{AB4781A3-A4E7-475F-B563-28F2752991E5}.Release|Any CPU.ActiveCfg = Debug|Any CPU
		{AB4781A3-A4E7-475F-B563-28F2752991E5}.Release|Any CPU.Build.0 = Debug|Any CPU
		{394D2FD4-5D67-45F1-8650-5927698AEDC0}.Debug|Any CPU.ActiveCfg = Debug|Any CPU
		{394D2FD4-5D67-45F1-8650-5927698AEDC0}.Debug|Any CPU.Build.0 = Debug|Any CPU
		{394D2FD4-5D67-45F1-8650-5927698AEDC0}.Release|Any CPU.ActiveCfg = Release|Any CPU
		{394D2FD4-5D67-45F1-8650-5927698AEDC0}.Release|Any CPU.Build.0 = Release|Any CPU
		{00CDC903-0ABC-4DB9-AA68-C02EF96C48EF}.Debug|Any CPU.ActiveCfg = Debug|Any CPU
		{00CDC903-0ABC-4DB9-AA68-C02EF96C48EF}.Debug|Any CPU.Build.0 = Debug|Any CPU
		{00CDC903-0ABC-4DB9-AA68-C02EF96C48EF}.Release|Any CPU.ActiveCfg = Release|Any CPU
		{00CDC903-0ABC-4DB9-AA68-C02EF96C48EF}.Release|Any CPU.Build.0 = Release|Any CPU
		{A1A702CF-1447-4358-9FFD-CA43B99BFD9C}.Debug|Any CPU.ActiveCfg = Debug|Any CPU
		{A1A702CF-1447-4358-9FFD-CA43B99BFD9C}.Debug|Any CPU.Build.0 = Debug|Any CPU
		{A1A702CF-1447-4358-9FFD-CA43B99BFD9C}.Release|Any CPU.ActiveCfg = Release|Any CPU
		{A1A702CF-1447-4358-9FFD-CA43B99BFD9C}.Release|Any CPU.Build.0 = Release|Any CPU
		{B145B47A-0AB3-4F5C-B22D-532EB81643C6}.Debug|Any CPU.ActiveCfg = Debug|Any CPU
		{B145B47A-0AB3-4F5C-B22D-532EB81643C6}.Debug|Any CPU.Build.0 = Debug|Any CPU
		{B145B47A-0AB3-4F5C-B22D-532EB81643C6}.Release|Any CPU.ActiveCfg = Release|Any CPU
		{B145B47A-0AB3-4F5C-B22D-532EB81643C6}.Release|Any CPU.Build.0 = Release|Any CPU
		{16AB14AD-F38F-4371-94D0-3BD3ACA6CC9E}.Debug|Any CPU.ActiveCfg = Debug|Any CPU
		{16AB14AD-F38F-4371-94D0-3BD3ACA6CC9E}.Debug|Any CPU.Build.0 = Debug|Any CPU
		{16AB14AD-F38F-4371-94D0-3BD3ACA6CC9E}.Release|Any CPU.ActiveCfg = Release|Any CPU
		{16AB14AD-F38F-4371-94D0-3BD3ACA6CC9E}.Release|Any CPU.Build.0 = Release|Any CPU
		{B1F5C3DB-021F-4A00-954B-9831F9D6D308}.Debug|Any CPU.ActiveCfg = Debug|Any CPU
		{B1F5C3DB-021F-4A00-954B-9831F9D6D308}.Debug|Any CPU.Build.0 = Debug|Any CPU
		{B1F5C3DB-021F-4A00-954B-9831F9D6D308}.Release|Any CPU.ActiveCfg = Release|Any CPU
		{B1F5C3DB-021F-4A00-954B-9831F9D6D308}.Release|Any CPU.Build.0 = Release|Any CPU
	EndGlobalSection
	GlobalSection(SolutionProperties) = preSolution
		HideSolutionNode = FALSE
	EndGlobalSection
	GlobalSection(NestedProjects) = preSolution
		{73F1CCD4-D9BB-4103-8B7C-6C198C2019D1} = {1985C0A9-EDAF-4BFC-AA6C-E81E88B6F09C}
		{1B0B5CDA-A089-4B14-A04B-58DD78206C59} = {73F1CCD4-D9BB-4103-8B7C-6C198C2019D1}
		{E56E6885-C79E-4FE3-8612-944336CBFBC6} = {73F1CCD4-D9BB-4103-8B7C-6C198C2019D1}
		{05BAF1D0-5B2A-4507-A6E1-DCDAC02F3FDF} = {1985C0A9-EDAF-4BFC-AA6C-E81E88B6F09C}
		{0466A146-3B54-46FE-BC6A-6711F7781D81} = {05BAF1D0-5B2A-4507-A6E1-DCDAC02F3FDF}
		{7EC45B80-6381-422C-B95D-322FE1198470} = {05BAF1D0-5B2A-4507-A6E1-DCDAC02F3FDF}
		{2475400F-3DA6-4D93-802F-E14EF3376DA2} = {05BAF1D0-5B2A-4507-A6E1-DCDAC02F3FDF}
		{84523BEA-772B-4EE0-A238-E1DBF682ADE4} = {73F1CCD4-D9BB-4103-8B7C-6C198C2019D1}
		{6CD14E96-8EF2-4A62-8012-924604FBC535} = {73F1CCD4-D9BB-4103-8B7C-6C198C2019D1}
		{AB4781A3-A4E7-475F-B563-28F2752991E5} = {3269BABF-ED37-4A08-947E-77ED677FBE93}
		{394D2FD4-5D67-45F1-8650-5927698AEDC0} = {3269BABF-ED37-4A08-947E-77ED677FBE93}
		{00CDC903-0ABC-4DB9-AA68-C02EF96C48EF} = {1A08F4B4-0EBB-4776-944E-B3C97767A26B}
		{A1A702CF-1447-4358-9FFD-CA43B99BFD9C} = {1A08F4B4-0EBB-4776-944E-B3C97767A26B}
		{B145B47A-0AB3-4F5C-B22D-532EB81643C6} = {05BAF1D0-5B2A-4507-A6E1-DCDAC02F3FDF}
		{16AB14AD-F38F-4371-94D0-3BD3ACA6CC9E} = {49EF9B39-4AB0-4F9E-A869-EFA2D3DF1ACA}
		{B1F5C3DB-021F-4A00-954B-9831F9D6D308} = {B2D2D6C1-525E-41B8-8462-E2154BF08049}
	EndGlobalSection
	GlobalSection(ExtensibilityGlobals) = postSolution
		SolutionGuid = {991E904E-1AED-4C66-8E49-F0D468D8B1C2}
	EndGlobalSection
	GlobalSection(TeamFoundationVersionControl) = preSolution
		SccNumberOfProjects = 15
		SccEnterpriseProvider = {4CA58AB2-18FA-4F8D-95D4-32DDF27D184C}
		SccTeamFoundationServer = http://10.43.48.17:8080/tfs/defaultcollection
		SccLocalPath0 = .
		SccProjectUniqueName1 = 1.Com\\1.Framework\\DNSoft.eW.FrameWork.Common\\DNSoft.eW.FrameWork.Common.csproj
		SccProjectTopLevelParentUniqueName1 = eWorkflow.sln
		SccProjectName1 = 1.Com/1.Framework/DNSoft.eW.FrameWork.Common
		SccLocalPath1 = 1.Com\\1.Framework\\DNSoft.eW.FrameWork.Common
		SccProjectUniqueName2 = 1.Com\\1.Framework\\DNSoft.eW.FrameWork\\DNSoft.eW.FrameWork.csproj
		SccProjectTopLevelParentUniqueName2 = eWorkflow.sln
		SccProjectName2 = 1.Com/1.Framework/DNSoft.eW.FrameWork
		SccLocalPath2 = 1.Com\\1.Framework\\DNSoft.eW.FrameWork
		SccProjectUniqueName3 = 1.Com\\1.Framework\\DNSoft.eWF.FrameWork.Data.EF\\DNSoft.eWF.FrameWork.Data.EF.csproj
		SccProjectTopLevelParentUniqueName3 = eWorkflow.sln
		SccProjectName3 = 1.Com/1.Framework/DNSoft.eWF.FrameWork.Data.EF
		SccLocalPath3 = 1.Com\\1.Framework\\DNSoft.eWF.FrameWork.Data.EF
		SccProjectUniqueName4 = 1.Com\\1.Framework\\DNSoft.eWF.FrameWork.Web\\DNSoft.eWF.FrameWork.Web.csproj
		SccProjectTopLevelParentUniqueName4 = eWorkflow.sln
		SccProjectName4 = 1.Com/1.Framework/DNSoft.eWF.FrameWork.Web
		SccLocalPath4 = 1.Com\\1.Framework\\DNSoft.eWF.FrameWork.Web
		SccProjectUniqueName5 = 1.Com\\2.BusinessLayer\\Bayer.eWF.BSL.Approval\\Bayer.eWF.BSL.Approval.csproj
		SccProjectTopLevelParentUniqueName5 = eWorkflow.sln
		SccProjectName5 = 1.Com/2.BusinessLayer/Bayer.eWF.BSL.Approval
		SccLocalPath5 = 1.Com\\2.BusinessLayer\\Bayer.eWF.BSL.Approval
		SccProjectUniqueName6 = 1.Com\\2.BusinessLayer\\Bayer.eWF.BSL.Common\\Bayer.eWF.BSL.Common.csproj
		SccProjectTopLevelParentUniqueName6 = eWorkflow.sln
		SccProjectName6 = 1.Com/2.BusinessLayer/Bayer.eWF.BSL.Common
		SccLocalPath6 = 1.Com\\2.BusinessLayer\\Bayer.eWF.BSL.Common
		SccProjectUniqueName7 = 1.Com\\2.BusinessLayer\\Bayer.eWF.BSL.Configuration\\Bayer.eWF.BSL.Configuration.csproj
		SccProjectTopLevelParentUniqueName7 = eWorkflow.sln
		SccProjectName7 = 1.Com/2.BusinessLayer/Bayer.eWF.BSL.Configuration
		SccLocalPath7 = 1.Com\\2.BusinessLayer\\Bayer.eWF.BSL.Configuration
		SccProjectUniqueName8 = 2.Web\\WebBase\\WebBase\\DNSoft.eWF.FrameWork.Web.WebBase.csproj
		SccProjectTopLevelParentUniqueName8 = eWorkflow.sln
		SccProjectName8 = 2.Web/WebBase/WebBase
		SccLocalPath8 = 2.Web\\WebBase\\WebBase
		SccProjectUniqueName9 = 3.Wcf\\Bayer.WCF.Service\\Bayer.WCF.Service.csproj
		SccProjectTopLevelParentUniqueName9 = eWorkflow.sln
		SccProjectName9 = 3.Wcf/Bayer.WCF.Service
		SccLocalPath9 = 3.Wcf\\Bayer.WCF.Service
		SccProjectUniqueName10 = 3.Wcf\\Bayer.WCF.Site\\Bayer.Wcf.Site\\Bayer.Wcf.Site.csproj
		SccProjectTopLevelParentUniqueName10 = eWorkflow.sln
		SccProjectName10 = 3.Wcf/Bayer.WCF.Site/Bayer.Wcf.Site
		SccLocalPath10 = 3.Wcf\\Bayer.WCF.Site\\Bayer.Wcf.Site
		SccProjectUniqueName11 = 1.Com\\2.BusinessLayer\\Bayer.eWF.BSL.Reporting\\Bayer.eWF.BSL.Reporting.csproj
		SccProjectTopLevelParentUniqueName11 = eWorkflow.sln
		SccProjectName11 = 1.Com/2.BusinessLayer/Bayer.eWF.BSL.Reporting
		SccLocalPath11 = 1.Com\\2.BusinessLayer\\Bayer.eWF.BSL.Reporting
		SccProjectUniqueName12 = 5.WinExe\\Bayer.WinExe.Sap.Master\\Bayer.WinExe.Sap.Master.csproj
		SccProjectTopLevelParentUniqueName12 = eWorkflow.sln
		SccProjectName12 = 5.WinExe/Bayer.WinExe.Sap.Master
		SccLocalPath12 = 5.WinExe\\Bayer.WinExe.Sap.Master
		SccProjectUniqueName13 = 4.WinServices\\Bayer.WinSvc.PushNoticeMail\\Bayer.WinSvc.SendNoticeMail.csproj
		SccProjectTopLevelParentUniqueName13 = eWorkflow.sln
		SccProjectName13 = 4.WinServices/Bayer.WinSvc.PushNoticeMail
		SccLocalPath13 = 4.WinServices\\Bayer.WinSvc.PushNoticeMail
		SccWebProject14 = true
		SccProjectUniqueName14 = http://localhost:56680/eWorks
		SccProjectTopLevelParentUniqueName14 = eWorkflow.sln
		SccProjectName14 = 2.Web/eWorkflow
		SccLocalPath14 = 2.Web\\eWorkflow
		SccProjectEnlistmentChoice14 = 2
	EndGlobalSection
EndGlobal
